
Microsoft Visual Studio Solution File, Format Version 12.00
# Visual Studio 2012
Project("{FAE04EC0-301F-11D3-BF4B-00C04F79EFBC}") = "BMICalc", "BMICalc\BMICalc.csproj", "{EDE71FA0-5896-4B51-B469-5A0E1C81F43C}"
EndProject
Global
	GlobalSection(SolutionConfigurationPlatforms) = preSolution
		Debug|iPhoneSimulator = Debug|iPhoneSimulator
		Release|iPhone = Release|iPhone
		Release|iPhoneSimulator = Release|iPhoneSimulator
		Debug|iPhone = Debug|iPhone
	EndGlobalSection
	GlobalSection(ProjectConfigurationPlatforms) = postSolution
		{EDE71FA0-5896-4B51-B469-5A0E1C81F43C}.Debug|iPhoneSimulator.ActiveCfg = Debug|iPhoneSimulator
		{EDE71FA0-5896-4B51-B469-5A0E1C81F43C}.Debug|iPhoneSimulator.Build.0 = Debug|iPhoneSimulator
		{EDE71FA0-5896-4B51-B469-5A0E1C81F43C}.Release|iPhone.ActiveCfg = Release|iPhone
		{EDE71FA0-5896-4B51-B469-5A0E1C81F43C}.Release|iPhone.Build.0 = Release|iPhone
		{EDE71FA0-5896-4B51-B469-5A0E1C81F43C}.Release|iPhoneSimulator.ActiveCfg = Release|iPhoneSimulator
		{EDE71FA0-5896-4B51-B469-5A0E1C81F43C}.Release|iPhoneSimulator.Build.0 = Release|iPhoneSimulator
		{EDE71FA0-5896-4B51-B469-5A0E1C81F43C}.Debug|iPhone.ActiveCfg = Debug|iPhone
		{EDE71FA0-5896-4B51-B469-5A0E1C81F43C}.Debug|iPhone.Build.0 = Debug|iPhone
	EndGlobalSection
EndGlobal
